
Microsoft Visual Studio Solution File, Format Version 12.00
# Visual Studio Version 17
VisualStudioVersion = 17.0.31912.275
MinimumVisualStudioVersion = 10.0.40219.1
Project("{FAE04EC0-301F-11D3-BF4B-00C04F79EFBC}") = "FaastLog", "FaastLog.csproj", "{803330F1-C4BE-472E-8711-961FA02CB18F}"
EndProject
Global
	GlobalSection(SolutionConfigurationPlatforms) = preSolution
		Debug|Any CPU = Debug|Any CPU
		Release|Any CPU = Release|Any CPU
	EndGlobalSection
	GlobalSection(ProjectConfigurationPlatforms) = postSolution
		{803330F1-C4BE-472E-8711-961FA02CB18F}.Debug|Any CPU.ActiveCfg = Debug|Any CPU
		{803330F1-C4BE-472E-8711-961FA02CB18F}.Debug|Any CPU.Build.0 = Debug|Any CPU
		{803330F1-C4BE-472E-8711-961FA02CB18F}.Release|Any CPU.ActiveCfg = Release|Any CPU
		{803330F1-C4BE-472E-8711-961FA02CB18F}.Release|Any CPU.Build.0 = Release|Any CPU
	EndGlobalSection
	GlobalSection(SolutionProperties) = preSolution
		HideSolutionNode = FALSE
	EndGlobalSection
	GlobalSection(ExtensibilityGlobals) = postSolution
		SolutionGuid = {81226CF8-9FCF-479F-86E2-69C75D5E04EA}
	EndGlobalSection
EndGlobal
